// !$*UTF8*$!
{
	archiveVersion = 1;
	classes = {
	};
	objectVersion = 46;
	objects = {

/* Begin PBXBuildFile section */
		8B023158188420D40099AD26 /* MROEcoleDetailsViewController.m in Sources */ = {isa = PBXBuildFile; fileRef = 8B023157188420D40099AD26 /* MROEcoleDetailsViewController.m */; };
		8BAD8F7818605CA600F7BBED /* Foundation.framework in Frameworks */ = {isa = PBXBuildFile; fileRef = 8BAD8F7718605CA600F7BBED /* Foundation.framework */; };
		8BAD8F7A18605CA600F7BBED /* CoreGraphics.framework in Frameworks */ = {isa = PBXBuildFile; fileRef = 8BAD8F7918605CA600F7BBED /* CoreGraphics.framework */; };
		8BAD8F7C18605CA600F7BBED /* UIKit.framework in Frameworks */ = {isa = PBXBuildFile; fileRef = 8BAD8F7B18605CA600F7BBED /* UIKit.framework */; };
		8BAD8F8218605CA600F7BBED /* InfoPlist.strings in Resources */ = {isa = PBXBuildFile; fileRef = 8BAD8F8018605CA600F7BBED /* InfoPlist.strings */; };
		8BAD8F8418605CA600F7BBED /* main.m in Sources */ = {isa = PBXBuildFile; fileRef = 8BAD8F8318605CA600F7BBED /* main.m */; };
		8BAD8F8818605CA600F7BBED /* MROAppDelegate.m in Sources */ = {isa = PBXBuildFile; fileRef = 8BAD8F8718605CA600F7BBED /* MROAppDelegate.m */; };
		8BAD8F8B18605CA600F7BBED /* Main_iPhone.storyboard in Resources */ = {isa = PBXBuildFile; fileRef = 8BAD8F8918605CA600F7BBED /* Main_iPhone.storyboard */; };
		8BAD8F8E18605CA600F7BBED /* Main_iPad.storyboard in Resources */ = {isa = PBXBuildFile; fileRef = 8BAD8F8C18605CA600F7BBED /* Main_iPad.storyboard */; };
		8BAD8F9118605CA700F7BBED /* MROViewController.m in Sources */ = {isa = PBXBuildFile; fileRef = 8BAD8F9018605CA700F7BBED /* MROViewController.m */; };
		8BAD8F9318605CA700F7BBED /* Images.xcassets in Resources */ = {isa = PBXBuildFile; fileRef = 8BAD8F9218605CA700F7BBED /* Images.xcassets */; };
		8BAD8F9A18605CA700F7BBED /* XCTest.framework in Frameworks */ = {isa = PBXBuildFile; fileRef = 8BAD8F9918605CA700F7BBED /* XCTest.framework */; };
		8BAD8F9B18605CA700F7BBED /* Foundation.framework in Frameworks */ = {isa = PBXBuildFile; fileRef = 8BAD8F7718605CA600F7BBED /* Foundation.framework */; };
		8BAD8F9C18605CA700F7BBED /* UIKit.framework in Frameworks */ = {isa = PBXBuildFile; fileRef = 8BAD8F7B18605CA600F7BBED /* UIKit.framework */; };
		8BAD8FA418605CA700F7BBED /* InfoPlist.strings in Resources */ = {isa = PBXBuildFile; fileRef = 8BAD8FA218605CA700F7BBED /* InfoPlist.strings */; };
		8BAD8FA618605CA700F7BBED /* SupEtudesTests.m in Sources */ = {isa = PBXBuildFile; fileRef = 8BAD8FA518605CA700F7BBED /* SupEtudesTests.m */; };
		8BAD8FB51860A3E000F7BBED /* MROEcoleViewController.m in Sources */ = {isa = PBXBuildFile; fileRef = 8BAD8FB41860A3E000F7BBED /* MROEcoleViewController.m */; };
		8BAD8FBB1860A68400F7BBED /* MROSearchViewController.m in Sources */ = {isa = PBXBuildFile; fileRef = 8BAD8FBA1860A68400F7BBED /* MROSearchViewController.m */; };
/* End PBXBuildFile section */

/* Begin PBXContainerItemProxy section */
		8BAD8F9D18605CA700F7BBED /* PBXContainerItemProxy */ = {
			isa = PBXContainerItemProxy;
			containerPortal = 8BAD8F6C18605CA600F7BBED /* Project object */;
			proxyType = 1;
			remoteGlobalIDString = 8BAD8F7318605CA600F7BBED;
			remoteInfo = SupEtudes;
		};
/* End PBXContainerItemProxy section */

/* Begin PBXFileReference section */
		8B023156188420D40099AD26 /* MROEcoleDetailsViewController.h */ = {isa = PBXFileReference; fileEncoding = 4; lastKnownFileType = sourcecode.c.h; path = MROEcoleDetailsViewController.h; sourceTree = "<group>"; };
		8B023157188420D40099AD26 /* MROEcoleDetailsViewController.m */ = {isa = PBXFileReference; fileEncoding = 4; lastKnownFileType = sourcecode.c.objc; path = MROEcoleDetailsViewController.m; sourceTree = "<group>"; };
		8BAD8F7418605CA600F7BBED /* SupEtudes.app */ = {isa = PBXFileReference; explicitFileType = wrapper.application; includeInIndex = 0; path = SupEtudes.app; sourceTree = BUILT_PRODUCTS_DIR; };
		8BAD8F7718605CA600F7BBED /* Foundation.framework */ = {isa = PBXFileReference; lastKnownFileType = wrapper.framework; name = Foundation.framework; path = System/Library/Frameworks/Foundation.framework; sourceTree = SDKROOT; };
		8BAD8F7918605CA600F7BBED /* CoreGraphics.framework */ = {isa = PBXFileReference; lastKnownFileType = wrapper.framework; name = CoreGraphics.framework; path = System/Library/Frameworks/CoreGraphics.framework; sourceTree = SDKROOT; };
		8BAD8F7B18605CA600F7BBED /* UIKit.framework */ = {isa = PBXFileReference; lastKnownFileType = wrapper.framework; name = UIKit.framework; path = System/Library/Frameworks/UIKit.framework; sourceTree = SDKROOT; };
		8BAD8F7F18605CA600F7BBED /* SupEtudes-Info.plist */ = {isa = PBXFileReference; lastKnownFileType = text.plist.xml; path = "SupEtudes-Info.plist"; sourceTree = "<group>"; };
		8BAD8F8118605CA600F7BBED /* en */ = {isa = PBXFileReference; lastKnownFileType = text.plist.strings; name = en; path = en.lproj/InfoPlist.strings; sourceTree = "<group>"; };
		8BAD8F8318605CA600F7BBED /* main.m */ = {isa = PBXFileReference; lastKnownFileType = sourcecode.c.objc; path = main.m; sourceTree = "<group>"; };
		8BAD8F8518605CA600F7BBED /* SupEtudes-Prefix.pch */ = {isa = PBXFileReference; lastKnownFileType = sourcecode.c.h; path = "SupEtudes-Prefix.pch"; sourceTree = "<group>"; };
		8BAD8F8618605CA600F7BBED /* MROAppDelegate.h */ = {isa = PBXFileReference; lastKnownFileType = sourcecode.c.h; path = MROAppDelegate.h; sourceTree = "<group>"; };
		8BAD8F8718605CA600F7BBED /* MROAppDelegate.m */ = {isa = PBXFileReference; lastKnownFileType = sourcecode.c.objc; path = MROAppDelegate.m; sourceTree = "<group>"; };
		8BAD8F8A18605CA600F7BBED /* Base */ = {isa = PBXFileReference; lastKnownFileType = file.storyboard; name = Base; path = Base.lproj/Main_iPhone.storyboard; sourceTree = "<group>"; };
		8BAD8F8D18605CA600F7BBED /* Base */ = {isa = PBXFileReference; lastKnownFileType = file.storyboard; name = Base; path = Base.lproj/Main_iPad.storyboard; sourceTree = "<group>"; };
		8BAD8F8F18605CA600F7BBED /* MROViewController.h */ = {isa = PBXFileReference; lastKnownFileType = sourcecode.c.h; path = MROViewController.h; sourceTree = "<group>"; };
		8BAD8F9018605CA700F7BBED /* MROViewController.m */ = {isa = PBXFileReference; lastKnownFileType = sourcecode.c.objc; path = MROViewController.m; sourceTree = "<group>"; };
		8BAD8F9218605CA700F7BBED /* Images.xcassets */ = {isa = PBXFileReference; lastKnownFileType = folder.assetcatalog; path = Images.xcassets; sourceTree = "<group>"; };
		8BAD8F9818605CA700F7BBED /* SupEtudesTests.xctest */ = {isa = PBXFileReference; explicitFileType = wrapper.cfbundle; includeInIndex = 0; path = SupEtudesTests.xctest; sourceTree = BUILT_PRODUCTS_DIR; };
		8BAD8F9918605CA700F7BBED /* XCTest.framework */ = {isa = PBXFileReference; lastKnownFileType = wrapper.framework; name = XCTest.framework; path = Library/Frameworks/XCTest.framework; sourceTree = DEVELOPER_DIR; };
		8BAD8FA118605CA700F7BBED /* SupEtudesTests-Info.plist */ = {isa = PBXFileReference; lastKnownFileType = text.plist.xml; path = "SupEtudesTests-Info.plist"; sourceTree = "<group>"; };
		8BAD8FA318605CA700F7BBED /* en */ = {isa = PBXFileReference; lastKnownFileType = text.plist.strings; name = en; path = en.lproj/InfoPlist.strings; sourceTree = "<group>"; };
		8BAD8FA518605CA700F7BBED /* SupEtudesTests.m */ = {isa = PBXFileReference; lastKnownFileType = sourcecode.c.objc; path = SupEtudesTests.m; sourceTree = "<group>"; };
		8BAD8FB31860A3E000F7BBED /* MROEcoleViewController.h */ = {isa = PBXFileReference; fileEncoding = 4; lastKnownFileType = sourcecode.c.h; path = MROEcoleViewController.h; sourceTree = "<group>"; };
		8BAD8FB41860A3E000F7BBED /* MROEcoleViewController.m */ = {isa = PBXFileReference; fileEncoding = 4; lastKnownFileType = sourcecode.c.objc; path = MROEcoleViewController.m; sourceTree = "<group>"; };
		8BAD8FB91860A68400F7BBED /* MROSearchViewController.h */ = {isa = PBXFileReference; fileEncoding = 4; lastKnownFileType = sourcecode.c.h; path = MROSearchViewController.h; sourceTree = "<group>"; };
		8BAD8FBA1860A68400F7BBED /* MROSearchViewController.m */ = {isa = PBXFileReference; fileEncoding = 4; lastKnownFileType = sourcecode.c.objc; path = MROSearchViewController.m; sourceTree = "<group>"; };
/* End PBXFileReference section */

/* Begin PBXFrameworksBuildPhase section */
		8BAD8F7118605CA600F7BBED /* Frameworks */ = {
			isa = PBXFrameworksBuildPhase;
			buildActionMask = 2147483647;
			files = (
				8BAD8F7A18605CA600F7BBED /* CoreGraphics.framework in Frameworks */,
				8BAD8F7C18605CA600F7BBED /* UIKit.framework in Frameworks */,
				8BAD8F7818605CA600F7BBED /* Foundation.framework in Frameworks */,
			);
			runOnlyForDeploymentPostprocessing = 0;
		};
		8BAD8F9518605CA700F7BBED /* Frameworks */ = {
			isa = PBXFrameworksBuildPhase;
			buildActionMask = 2147483647;
			files = (
				8BAD8F9A18605CA700F7BBED /* XCTest.framework in Frameworks */,
				8BAD8F9C18605CA700F7BBED /* UIKit.framework in Frameworks */,
				8BAD8F9B18605CA700F7BBED /* Foundation.framework in Frameworks */,
			);
			runOnlyForDeploymentPostprocessing = 0;
		};
/* End PBXFrameworksBuildPhase section */

/* Begin PBXGroup section */
		8B0231551884200A0099AD26 /* EcoleDetails */ = {
			isa = PBXGroup;
			children = (
				8B023156188420D40099AD26 /* MROEcoleDetailsViewController.h */,
				8B023157188420D40099AD26 /* MROEcoleDetailsViewController.m */,
			);
			name = EcoleDetails;
			sourceTree = "<group>";
		};
		8B6A0586188D799F00D31205 /* SelectEcole */ = {
			isa = PBXGroup;
			children = (
			);
			name = SelectEcole;
			sourceTree = "<group>";
		};
		8BAD8F6B18605CA600F7BBED = {
			isa = PBXGroup;
			children = (
				8BAD8F7D18605CA600F7BBED /* SupEtudes */,
				8BAD8F9F18605CA700F7BBED /* SupEtudesTests */,
				8BAD8F7618605CA600F7BBED /* Frameworks */,
				8BAD8F7518605CA600F7BBED /* Products */,
			);
			sourceTree = "<group>";
		};
		8BAD8F7518605CA600F7BBED /* Products */ = {
			isa = PBXGroup;
			children = (
				8BAD8F7418605CA600F7BBED /* SupEtudes.app */,
				8BAD8F9818605CA700F7BBED /* SupEtudesTests.xctest */,
			);
			name = Products;
			sourceTree = "<group>";
		};
		8BAD8F7618605CA600F7BBED /* Frameworks */ = {
			isa = PBXGroup;
			children = (
				8BAD8F7718605CA600F7BBED /* Foundation.framework */,
				8BAD8F7918605CA600F7BBED /* CoreGraphics.framework */,
				8BAD8F7B18605CA600F7BBED /* UIKit.framework */,
				8BAD8F9918605CA700F7BBED /* XCTest.framework */,
			);
			name = Frameworks;
			sourceTree = "<group>";
		};
		8BAD8F7D18605CA600F7BBED /* SupEtudes */ = {
			isa = PBXGroup;
			children = (
				8BAD8FAF18605CBD00F7BBED /* Controllers */,
				8BAD8F8918605CA600F7BBED /* Main_iPhone.storyboard */,
				8BAD8F8C18605CA600F7BBED /* Main_iPad.storyboard */,
				8BAD8F8618605CA600F7BBED /* MROAppDelegate.h */,
				8BAD8F8718605CA600F7BBED /* MROAppDelegate.m */,
				8BAD8F9218605CA700F7BBED /* Images.xcassets */,
				8BAD8F7E18605CA600F7BBED /* Supporting Files */,
			);
			path = SupEtudes;
			sourceTree = "<group>";
		};
		8BAD8F7E18605CA600F7BBED /* Supporting Files */ = {
			isa = PBXGroup;
			children = (
				8BAD8F7F18605CA600F7BBED /* SupEtudes-Info.plist */,
				8BAD8F8018605CA600F7BBED /* InfoPlist.strings */,
				8BAD8F8318605CA600F7BBED /* main.m */,
				8BAD8F8518605CA600F7BBED /* SupEtudes-Prefix.pch */,
			);
			name = "Supporting Files";
			sourceTree = "<group>";
		};
		8BAD8F9F18605CA700F7BBED /* SupEtudesTests */ = {
			isa = PBXGroup;
			children = (
				8BAD8FA518605CA700F7BBED /* SupEtudesTests.m */,
				8BAD8FA018605CA700F7BBED /* Supporting Files */,
			);
			path = SupEtudesTests;
			sourceTree = "<group>";
		};
		8BAD8FA018605CA700F7BBED /* Supporting Files */ = {
			isa = PBXGroup;
			children = (
				8BAD8FA118605CA700F7BBED /* SupEtudesTests-Info.plist */,
				8BAD8FA218605CA700F7BBED /* InfoPlist.strings */,
			);
			name = "Supporting Files";
			sourceTree = "<group>";
		};
		8BAD8FAF18605CBD00F7BBED /* Controllers */ = {
			isa = PBXGroup;
			children = (
				8B6A0586188D799F00D31205 /* SelectEcole */,
				8B0231551884200A0099AD26 /* EcoleDetails */,
				8BAD8FB81860A66500F7BBED /* Search */,
				8BAD8FB71860A3FC00F7BBED /* Ecole */,
				8BAD8FB61860A3EB00F7BBED /* MainPage */,
			);
			name = Controllers;
			sourceTree = "<group>";
		};
		8BAD8FB61860A3EB00F7BBED /* MainPage */ = {
			isa = PBXGroup;
			children = (
				8BAD8F8F18605CA600F7BBED /* MROViewController.h */,
				8BAD8F9018605CA700F7BBED /* MROViewController.m */,
			);
			name = MainPage;
			sourceTree = "<group>";
		};
		8BAD8FB71860A3FC00F7BBED /* Ecole */ = {
			isa = PBXGroup;
			children = (
				8BAD8FB31860A3E000F7BBED /* MROEcoleViewController.h */,
				8BAD8FB41860A3E000F7BBED /* MROEcoleViewController.m */,
			);
			name = Ecole;
			sourceTree = "<group>";
		};
		8BAD8FB81860A66500F7BBED /* Search */ = {
			isa = PBXGroup;
			children = (
				8BAD8FB91860A68400F7BBED /* MROSearchViewController.h */,
				8BAD8FBA1860A68400F7BBED /* MROSearchViewController.m */,
			);
			name = Search;
			sourceTree = "<group>";
		};
/* End PBXGroup section */

/* Begin PBXNativeTarget section */
		8BAD8F7318605CA600F7BBED /* SupEtudes */ = {
			isa = PBXNativeTarget;
			buildConfigurationList = 8BAD8FA918605CA700F7BBED /* Build configuration list for PBXNativeTarget "SupEtudes" */;
			buildPhases = (
				8BAD8F7018605CA600F7BBED /* Sources */,
				8BAD8F7118605CA600F7BBED /* Frameworks */,
				8BAD8F7218605CA600F7BBED /* Resources */,
			);
			buildRules = (
			);
			dependencies = (
			);
			name = SupEtudes;
			productName = SupEtudes;
			productReference = 8BAD8F7418605CA600F7BBED /* SupEtudes.app */;
			productType = "com.apple.product-type.application";
		};
		8BAD8F9718605CA700F7BBED /* SupEtudesTests */ = {
			isa = PBXNativeTarget;
			buildConfigurationList = 8BAD8FAC18605CA700F7BBED /* Build configuration list for PBXNativeTarget "SupEtudesTests" */;
			buildPhases = (
				8BAD8F9418605CA700F7BBED /* Sources */,
				8BAD8F9518605CA700F7BBED /* Frameworks */,
				8BAD8F9618605CA700F7BBED /* Resources */,
			);
			buildRules = (
			);
			dependencies = (
				8BAD8F9E18605CA700F7BBED /* PBXTargetDependency */,
			);
			name = SupEtudesTests;
			productName = SupEtudesTests;
			productReference = 8BAD8F9818605CA700F7BBED /* SupEtudesTests.xctest */;
			productType = "com.apple.product-type.bundle.unit-test";
		};
/* End PBXNativeTarget section */

/* Begin PBXProject section */
		8BAD8F6C18605CA600F7BBED /* Project object */ = {
			isa = PBXProject;
			attributes = {
				CLASSPREFIX = MRO;
				LastUpgradeCheck = 0500;
				ORGANIZATIONNAME = "Maxime Roch";
				TargetAttributes = {
					8BAD8F7318605CA600F7BBED = {
						DevelopmentTeam = FM9K4MUC48;
					};
					8BAD8F9718605CA700F7BBED = {
						TestTargetID = 8BAD8F7318605CA600F7BBED;
					};
				};
			};
			buildConfigurationList = 8BAD8F6F18605CA600F7BBED /* Build configuration list for PBXProject "SupEtudes" */;
			compatibilityVersion = "Xcode 3.2";
			developmentRegion = English;
			hasScannedForEncodings = 0;
			knownRegions = (
				en,
				Base,
			);
			mainGroup = 8BAD8F6B18605CA600F7BBED;
			productRefGroup = 8BAD8F7518605CA600F7BBED /* Products */;
			projectDirPath = "";
			projectRoot = "";
			targets = (
				8BAD8F7318605CA600F7BBED /* SupEtudes */,
				8BAD8F9718605CA700F7BBED /* SupEtudesTests */,
			);
		};
/* End PBXProject section */

/* Begin PBXResourcesBuildPhase section */
		8BAD8F7218605CA600F7BBED /* Resources */ = {
			isa = PBXResourcesBuildPhase;
			buildActionMask = 2147483647;
			files = (
				8BAD8F8E18605CA600F7BBED /* Main_iPad.storyboard in Resources */,
				8BAD8F9318605CA700F7BBED /* Images.xcassets in Resources */,
				8BAD8F8B18605CA600F7BBED /* Main_iPhone.storyboard in Resources */,
				8BAD8F8218605CA600F7BBED /* InfoPlist.strings in Resources */,
			);
			runOnlyForDeploymentPostprocessing = 0;
		};
		8BAD8F9618605CA700F7BBED /* Resources */ = {
			isa = PBXResourcesBuildPhase;
			buildActionMask = 2147483647;
			files = (
				8BAD8FA418605CA700F7BBED /* InfoPlist.strings in Resources */,
			);
			runOnlyForDeploymentPostprocessing = 0;
		};
/* End PBXResourcesBuildPhase section */

/* Begin PBXSourcesBuildPhase section */
		8BAD8F7018605CA600F7BBED /* Sources */ = {
			isa = PBXSourcesBuildPhase;
			buildActionMask = 2147483647;
			files = (
				8BAD8FB51860A3E000F7BBED /* MROEcoleViewController.m in Sources */,
				8BAD8FBB1860A68400F7BBED /* MROSearchViewController.m in Sources */,
				8BAD8F8418605CA600F7BBED /* main.m in Sources */,
				8BAD8F9118605CA700F7BBED /* MROViewController.m in Sources */,
				8BAD8F8818605CA600F7BBED /* MROAppDelegate.m in Sources */,
				8B023158188420D40099AD26 /* MROEcoleDetailsViewController.m in Sources */,
			);
			runOnlyForDeploymentPostprocessing = 0;
		};
		8BAD8F9418605CA700F7BBED /* Sources */ = {
			isa = PBXSourcesBuildPhase;
			buildActionMask = 2147483647;
			files = (
				8BAD8FA618605CA700F7BBED /* SupEtudesTests.m in Sources */,
			);
			runOnlyForDeploymentPostprocessing = 0;
		};
/* End PBXSourcesBuildPhase section */

/* Begin PBXTargetDependency section */
		8BAD8F9E18605CA700F7BBED /* PBXTargetDependency */ = {
			isa = PBXTargetDependency;
			target = 8BAD8F7318605CA600F7BBED /* SupEtudes */;
			targetProxy = 8BAD8F9D18605CA700F7BBED /* PBXContainerItemProxy */;
		};
/* End PBXTargetDependency section */

/* Begin PBXVariantGroup section */
		8BAD8F8018605CA600F7BBED /* InfoPlist.strings */ = {
			isa = PBXVariantGroup;
			children = (
				8BAD8F8118605CA600F7BBED /* en */,
			);
			name = InfoPlist.strings;
			sourceTree = "<group>";
		};
		8BAD8F8918605CA600F7BBED /* Main_iPhone.storyboard */ = {
			isa = PBXVariantGroup;
			children = (
				8BAD8F8A18605CA600F7BBED /* Base */,
			);
			name = Main_iPhone.storyboard;
			sourceTree = "<group>";
		};
		8BAD8F8C18605CA600F7BBED /* Main_iPad.storyboard */ = {
			isa = PBXVariantGroup;
			children = (
				8BAD8F8D18605CA600F7BBED /* Base */,
			);
			name = Main_iPad.storyboard;
			sourceTree = "<group>";
		};
		8BAD8FA218605CA700F7BBED /* InfoPlist.strings */ = {
			isa = PBXVariantGroup;
			children = (
				8BAD8FA318605CA700F7BBED /* en */,
			);
			name = InfoPlist.strings;
			sourceTree = "<group>";
		};
/* End PBXVariantGroup section */

/* Begin XCBuildConfiguration section */
		8BAD8FA718605CA700F7BBED /* Debug */ = {
			isa = XCBuildConfiguration;
			buildSettings = {
				ALWAYS_SEARCH_USER_PATHS = NO;
				ARCHS = "$(ARCHS_STANDARD_INCLUDING_64_BIT)";
				CLANG_CXX_LANGUAGE_STANDARD = "gnu++0x";
				CLANG_CXX_LIBRARY = "libc++";
				CLANG_ENABLE_MODULES = YES;
				CLANG_ENABLE_OBJC_ARC = YES;
				CLANG_WARN_BOOL_CONVERSION = YES;
				CLANG_WARN_CONSTANT_CONVERSION = YES;
				CLANG_WARN_DIRECT_OBJC_ISA_USAGE = YES_ERROR;
				CLANG_WARN_EMPTY_BODY = YES;
				CLANG_WARN_ENUM_CONVERSION = YES;
				CLANG_WARN_INT_CONVERSION = YES;
				CLANG_WARN_OBJC_ROOT_CLASS = YES_ERROR;
				CLANG_WARN__DUPLICATE_METHOD_MATCH = YES;
				"CODE_SIGN_IDENTITY[sdk=iphoneos*]" = "iPhone Developer";
				COPY_PHASE_STRIP = NO;
				GCC_C_LANGUAGE_STANDARD = gnu99;
				GCC_DYNAMIC_NO_PIC = NO;
				GCC_OPTIMIZATION_LEVEL = 0;
				GCC_PREPROCESSOR_DEFINITIONS = (
					"DEBUG=1",
					"$(inherited)",
				);
				GCC_SYMBOLS_PRIVATE_EXTERN = NO;
				GCC_WARN_64_TO_32_BIT_CONVERSION = YES;
				GCC_WARN_ABOUT_RETURN_TYPE = YES_ERROR;
				GCC_WARN_UNDECLARED_SELECTOR = YES;
				GCC_WARN_UNINITIALIZED_AUTOS = YES;
				GCC_WARN_UNUSED_FUNCTION = YES;
				GCC_WARN_UNUSED_VARIABLE = YES;
				IPHONEOS_DEPLOYMENT_TARGET = 7.0;
				ONLY_ACTIVE_ARCH = YES;
				SDKROOT = iphoneos;
				TARGETED_DEVICE_FAMILY = "1,2";
			};
			name = Debug;
		};
		8BAD8FA818605CA700F7BBED /* Release */ = {
			isa = XCBuildConfiguration;
			buildSettings = {
				ALWAYS_SEARCH_USER_PATHS = NO;
				ARCHS = "$(ARCHS_STANDARD_INCLUDING_64_BIT)";
				CLANG_CXX_LANGUAGE_STANDARD = "gnu++0x";
				CLANG_CXX_LIBRARY = "libc++";
				CLANG_ENABLE_MODULES = YES;
				CLANG_ENABLE_OBJC_ARC = YES;
				CLANG_WARN_BOOL_CONVERSION = YES;
				CLANG_WARN_CONSTANT_CONVERSION = YES;
				CLANG_WARN_DIRECT_OBJC_ISA_USAGE = YES_ERROR;
				CLANG_WARN_EMPTY_BODY = YES;
				CLANG_WARN_ENUM_CONVERSION = YES;
				CLANG_WARN_INT_CONVERSION = YES;
				CLANG_WARN_OBJC_ROOT_CLASS = YES_ERROR;
				CLANG_WARN__DUPLICATE_METHOD_MATCH = YES;
				"CODE_SIGN_IDENTITY[sdk=iphoneos*]" = "iPhone Developer";
				COPY_PHASE_STRIP = YES;
				ENABLE_NS_ASSERTIONS = NO;
				GCC_C_LANGUAGE_STANDARD = gnu99;
				GCC_WARN_64_TO_32_BIT_CONVERSION = YES;
				GCC_WARN_ABOUT_RETURN_TYPE = YES_ERROR;
				GCC_WARN_UNDECLARED_SELECTOR = YES;
				GCC_WARN_UNINITIALIZED_AUTOS = YES;
				GCC_WARN_UNUSED_FUNCTION = YES;
				GCC_WARN_UNUSED_VARIABLE = YES;
				IPHONEOS_DEPLOYMENT_TARGET = 7.0;
				SDKROOT = iphoneos;
				TARGETED_DEVICE_FAMILY = "1,2";
				VALIDATE_PRODUCT = YES;
			};
			name = Release;
		};
		8BAD8FAA18605CA700F7BBED /* Debug */ = {
			isa = XCBuildConfiguration;
			buildSettings = {
				ASSETCATALOG_COMPILER_APPICON_NAME = AppIcon;
				ASSETCATALOG_COMPILER_LAUNCHIMAGE_NAME = LaunchImage;
				CODE_SIGN_IDENTITY = "iPhone Developer";
				"CODE_SIGN_IDENTITY[sdk=iphoneos*]" = "iPhone Developer";
				GCC_PRECOMPILE_PREFIX_HEADER = YES;
				GCC_PREFIX_HEADER = "SupEtudes/SupEtudes-Prefix.pch";
				INFOPLIST_FILE = "SupEtudes/SupEtudes-Info.plist";
				PRODUCT_NAME = "$(TARGET_NAME)";
				PROVISIONING_PROFILE = "";
				WRAPPER_EXTENSION = app;
			};
			name = Debug;
		};
		8BAD8FAB18605CA700F7BBED /* Release */ = {
			isa = XCBuildConfiguration;
			buildSettings = {
				ASSETCATALOG_COMPILER_APPICON_NAME = AppIcon;
				ASSETCATALOG_COMPILER_LAUNCHIMAGE_NAME = LaunchImage;
				CODE_SIGN_IDENTITY = "iPhone Developer";
				"CODE_SIGN_IDENTITY[sdk=iphoneos*]" = "iPhone Developer";
				GCC_PRECOMPILE_PREFIX_HEADER = YES;
				GCC_PREFIX_HEADER = "SupEtudes/SupEtudes-Prefix.pch";
				INFOPLIST_FILE = "SupEtudes/SupEtudes-Info.plist";
				PRODUCT_NAME = "$(TARGET_NAME)";
				PROVISIONING_PROFILE = "";
				WRAPPER_EXTENSION = app;
			};
			name = Release;
		};
		8BAD8FAD18605CA700F7BBED /* Debug */ = {
			isa = XCBuildConfiguration;
			buildSettings = {
				ARCHS = "$(ARCHS_STANDARD_INCLUDING_64_BIT)";
				BUNDLE_LOADER = "$(BUILT_PRODUCTS_DIR)/SupEtudes.app/SupEtudes";
				FRAMEWORK_SEARCH_PATHS = (
					"$(SDKROOT)/Developer/Library/Frameworks",
					"$(inherited)",
					"$(DEVELOPER_FRAMEWORKS_DIR)",
				);
				GCC_PRECOMPILE_PREFIX_HEADER = YES;
				GCC_PREFIX_HEADER = "SupEtudes/SupEtudes-Prefix.pch";
				GCC_PREPROCESSOR_DEFINITIONS = (
					"DEBUG=1",
					"$(inherited)",
				);
				INFOPLIST_FILE = "SupEtudesTests/SupEtudesTests-Info.plist";
				PRODUCT_NAME = "$(TARGET_NAME)";
				TEST_HOST = "$(BUNDLE_LOADER)";
				WRAPPER_EXTENSION = xctest;
			};
			name = Debug;
		};
		8BAD8FAE18605CA700F7BBED /* Release */ = {
			isa = XCBuildConfiguration;
			buildSettings = {
				ARCHS = "$(ARCHS_STANDARD_INCLUDING_64_BIT)";
				BUNDLE_LOADER = "$(BUILT_PRODUCTS_DIR)/SupEtudes.app/SupEtudes";
				FRAMEWORK_SEARCH_PATHS = (
					"$(SDKROOT)/Developer/Library/Frameworks",
					"$(inherited)",
					"$(DEVELOPER_FRAMEWORKS_DIR)",
				);
				GCC_PRECOMPILE_PREFIX_HEADER = YES;
				GCC_PREFIX_HEADER = "SupEtudes/SupEtudes-Prefix.pch";
				INFOPLIST_FILE = "SupEtudesTests/SupEtudesTests-Info.plist";
				PRODUCT_NAME = "$(TARGET_NAME)";
				TEST_HOST = "$(BUNDLE_LOADER)";
				WRAPPER_EXTENSION = xctest;
			};
			name = Release;
		};
/* End XCBuildConfiguration section */

/* Begin XCConfigurationList section */
		8BAD8F6F18605CA600F7BBED /* Build configuration list for PBXProject "SupEtudes" */ = {
			isa = XCConfigurationList;
			buildConfigurations = (
				8BAD8FA718605CA700F7BBED /* Debug */,
				8BAD8FA818605CA700F7BBED /* Release */,
			);
			defaultConfigurationIsVisible = 0;
			defaultConfigurationName = Release;
		};
		8BAD8FA918605CA700F7BBED /* Build configuration list for PBXNativeTarget "SupEtudes" */ = {
			isa = XCConfigurationList;
			buildConfigurations = (
				8BAD8FAA18605CA700F7BBED /* Debug */,
				8BAD8FAB18605CA700F7BBED /* Release */,
			);
			defaultConfigurationIsVisible = 0;
			defaultConfigurationName = Release;
		};
		8BAD8FAC18605CA700F7BBED /* Build configuration list for PBXNativeTarget "SupEtudesTests" */ = {
			isa = XCConfigurationList;
			buildConfigurations = (
				8BAD8FAD18605CA700F7BBED /* Debug */,
				8BAD8FAE18605CA700F7BBED /* Release */,
			);
			defaultConfigurationIsVisible = 0;
			defaultConfigurationName = Release;
		};
/* End XCConfigurationList section */
	};
	rootObject = 8BAD8F6C18605CA600F7BBED /* Project object */;
}
